
Microsoft Visual Studio Solution File, Format Version 12.00
Project("{FAE04EC0-301F-11D3-BF4B-00C04F79EFBC}") = "koupit-products-manager", "koupit-products-manager\koupit-products-manager.csproj", "{49B71FFB-2C92-499C-AAE6-8C806E7C96B9}"
EndProject
Project("{2150E333-8FDC-42A3-9474-1A3956D46DE8}") = "Solution Items", "Solution Items", "{9094EAEC-1208-4517-81B9-EFBE58B36240}"
	ProjectSection(SolutionItems) = preProject
		docker-compose.yml = docker-compose.yml
	EndProjectSection
EndProject
Global
	GlobalSection(SolutionConfigurationPlatforms) = preSolution
		Debug|Any CPU = Debug|Any CPU
		Release|Any CPU = Release|Any CPU
	EndGlobalSection
	GlobalSection(ProjectConfigurationPlatforms) = postSolution
		{49B71FFB-2C92-499C-AAE6-8C806E7C96B9}.Debug|Any CPU.ActiveCfg = Debug|Any CPU
		{49B71FFB-2C92-499C-AAE6-8C806E7C96B9}.Debug|Any CPU.Build.0 = Debug|Any CPU
		{49B71FFB-2C92-499C-AAE6-8C806E7C96B9}.Release|Any CPU.ActiveCfg = Release|Any CPU
		{49B71FFB-2C92-499C-AAE6-8C806E7C96B9}.Release|Any CPU.Build.0 = Release|Any CPU
	EndGlobalSection
EndGlobal
